# This file is generated by running "yarn install" inside your project.
# Manual changes might be lost - proceed with caution!

__metadata:
  version: 4

"test-pkg@workspace:packages/test-pkg":
  version: 0.0.0-use.local
  resolution: "test-pkg@workspace:packages/test-pkg"
  languageName: unknown
  linkType: soft

"yarn-source-test@workspace:.":
  version: 0.0.0-use.local
  resolution: "yarn-source-test@workspace:."
  languageName: unknown
  linkType: soft
